
Microsoft Visual Studio Solution File, Format Version 12.00
# Visual Studio 15
VisualStudioVersion = 15.0.26730.3
MinimumVisualStudioVersion = 10.0.40219.1
Project("{FAE04EC0-301F-11D3-BF4B-00C04F79EFBC}") = "CallMeMaybe", "CallMeMaybe\CallMeMaybe.csproj", "{95B304DE-FEA0-4CD7-927B-9428539B6B12}"
EndProject
Global
	GlobalSection(SolutionConfigurationPlatforms) = preSolution
		Debug|Any CPU = Debug|Any CPU
		Release|Any CPU = Release|Any CPU
	EndGlobalSection
	GlobalSection(ProjectConfigurationPlatforms) = postSolution
		{95B304DE-FEA0-4CD7-927B-9428539B6B12}.Debug|Any CPU.ActiveCfg = Debug|Any CPU
		{95B304DE-FEA0-4CD7-927B-9428539B6B12}.Debug|Any CPU.Build.0 = Debug|Any CPU
		{95B304DE-FEA0-4CD7-927B-9428539B6B12}.Release|Any CPU.ActiveCfg = Release|Any CPU
		{95B304DE-FEA0-4CD7-927B-9428539B6B12}.Release|Any CPU.Build.0 = Release|Any CPU
	EndGlobalSection
	GlobalSection(SolutionProperties) = preSolution
		HideSolutionNode = FALSE
	EndGlobalSection
	GlobalSection(ExtensibilityGlobals) = postSolution
		SolutionGuid = {9F84F508-6A7C-461F-9D95-C58F381BFCF3}
	EndGlobalSection
EndGlobal
